
Microsoft Visual Studio Solution File, Format Version 12.00
# Visual Studio Version 16
VisualStudioVersion = 16.0.30114.105
MinimumVisualStudioVersion = 10.0.40219.1
Project("{FAE04EC0-301F-11D3-BF4B-00C04F79EFBC}") = "DBMCleaner", "DBMCleaner\DBMCleaner.csproj", "{74D87427-BD96-4F53-BDE0-F413B7596106}"
EndProject
Project("{FAE04EC0-301F-11D3-BF4B-00C04F79EFBC}") = "DBMReportManager", "DBMFileHelper\DBMReportManager.csproj", "{33BE481E-1B81-4B02-99E6-1667FAF05041}"
EndProject
Global
	GlobalSection(SolutionConfigurationPlatforms) = preSolution
		Debug|Any CPU = Debug|Any CPU
		Release|Any CPU = Release|Any CPU
	EndGlobalSection
	GlobalSection(ProjectConfigurationPlatforms) = postSolution
		{74D87427-BD96-4F53-BDE0-F413B7596106}.Debug|Any CPU.ActiveCfg = Debug|Any CPU
		{74D87427-BD96-4F53-BDE0-F413B7596106}.Debug|Any CPU.Build.0 = Debug|Any CPU
		{74D87427-BD96-4F53-BDE0-F413B7596106}.Release|Any CPU.ActiveCfg = Release|Any CPU
		{74D87427-BD96-4F53-BDE0-F413B7596106}.Release|Any CPU.Build.0 = Release|Any CPU
		{33BE481E-1B81-4B02-99E6-1667FAF05041}.Debug|Any CPU.ActiveCfg = Debug|Any CPU
		{33BE481E-1B81-4B02-99E6-1667FAF05041}.Debug|Any CPU.Build.0 = Debug|Any CPU
		{33BE481E-1B81-4B02-99E6-1667FAF05041}.Release|Any CPU.ActiveCfg = Release|Any CPU
		{33BE481E-1B81-4B02-99E6-1667FAF05041}.Release|Any CPU.Build.0 = Release|Any CPU
	EndGlobalSection
	GlobalSection(SolutionProperties) = preSolution
		HideSolutionNode = FALSE
	EndGlobalSection
	GlobalSection(ExtensibilityGlobals) = postSolution
		SolutionGuid = {4423EB66-52A8-442C-9E5F-2E0D26E2C76F}
	EndGlobalSection
EndGlobal
